
Microsoft Visual Studio Solution File, Format Version 12.00
# Visual Studio Version 17
VisualStudioVersion = 17.13.35825.156 d17.13
MinimumVisualStudioVersion = 10.0.40219.1
Project("{FAE04EC0-301F-11D3-BF4B-00C04F79EFBC}") = "GJCS25004_分子筛转轮动态测试系统大屏", "GJCS25004_分子筛转轮动态测试系统大屏.csproj", "{C00B7A5B-E679-417E-8156-F7F3FDE5B3C4}"
EndProject
Global
	GlobalSection(SolutionConfigurationPlatforms) = preSolution
		Debug|Any CPU = Debug|Any CPU
		Release|Any CPU = Release|Any CPU
	EndGlobalSection
	GlobalSection(ProjectConfigurationPlatforms) = postSolution
		{C00B7A5B-E679-417E-8156-F7F3FDE5B3C4}.Debug|Any CPU.ActiveCfg = Debug|Any CPU
		{C00B7A5B-E679-417E-8156-F7F3FDE5B3C4}.Debug|Any CPU.Build.0 = Debug|Any CPU
		{C00B7A5B-E679-417E-8156-F7F3FDE5B3C4}.Release|Any CPU.ActiveCfg = Release|Any CPU
		{C00B7A5B-E679-417E-8156-F7F3FDE5B3C4}.Release|Any CPU.Build.0 = Release|Any CPU
	EndGlobalSection
	GlobalSection(SolutionProperties) = preSolution
		HideSolutionNode = FALSE
	EndGlobalSection
	GlobalSection(ExtensibilityGlobals) = postSolution
		SolutionGuid = {F7472475-4825-4DC6-B870-008946202C89}
	EndGlobalSection
EndGlobal
